// !$*UTF8*$!
{
	archiveVersion = 1;
	classes = {
	};
	objectVersion = 56;
	objects = {

/* Begin PBXBuildFile section */
		1C6528DB296AC2240023AAAE /* AppDelegate.swift in Sources */ = {isa = PBXBuildFile; fileRef = 1C6528DA296AC2240023AAAE /* AppDelegate.swift */; };
		1C6528DD296AC2240023AAAE /* SceneDelegate.swift in Sources */ = {isa = PBXBuildFile; fileRef = 1C6528DC296AC2240023AAAE /* SceneDelegate.swift */; };
		1C6528DF296AC2240023AAAE /* ViewController.swift in Sources */ = {isa = PBXBuildFile; fileRef = 1C6528DE296AC2240023AAAE /* ViewController.swift */; };
		1C6528E2296AC2240023AAAE /* Main.storyboard in Resources */ = {isa = PBXBuildFile; fileRef = 1C6528E0296AC2240023AAAE /* Main.storyboard */; };
		1C6528E4296AC2250023AAAE /* Assets.xcassets in Resources */ = {isa = PBXBuildFile; fileRef = 1C6528E3296AC2250023AAAE /* Assets.xcassets */; };
		1C6528E7296AC2250023AAAE /* LaunchScreen.storyboard in Resources */ = {isa = PBXBuildFile; fileRef = 1C6528E5296AC2250023AAAE /* LaunchScreen.storyboard */; };
		1C6528EF296AC2430023AAAE /* FlowerClassifier.mlmodel in Sources */ = {isa = PBXBuildFile; fileRef = 1C6528EE296AC2430023AAAE /* FlowerClassifier.mlmodel */; };
		53D305C4704CF53158CA426D /* Pods_FlowerDetector.framework in Frameworks */ = {isa = PBXBuildFile; fileRef = 99EA28BF803BE34D8E0CB3B5 /* Pods_FlowerDetector.framework */; };
/* End PBXBuildFile section */

/* Begin PBXFileReference section */
		1C6528D7296AC2240023AAAE /* FlowerDetector.app */ = {isa = PBXFileReference; explicitFileType = wrapper.application; includeInIndex = 0; path = FlowerDetector.app; sourceTree = BUILT_PRODUCTS_DIR; };
		1C6528DA296AC2240023AAAE /* AppDelegate.swift */ = {isa = PBXFileReference; lastKnownFileType = sourcecode.swift; path = AppDelegate.swift; sourceTree = "<group>"; };
		1C6528DC296AC2240023AAAE /* SceneDelegate.swift */ = {isa = PBXFileReference; lastKnownFileType = sourcecode.swift; path = SceneDelegate.swift; sourceTree = "<group>"; };
		1C6528DE296AC2240023AAAE /* ViewController.swift */ = {isa = PBXFileReference; lastKnownFileType = sourcecode.swift; path = ViewController.swift; sourceTree = "<group>"; };
		1C6528E1296AC2240023AAAE /* Base */ = {isa = PBXFileReference; lastKnownFileType = file.storyboard; name = Base; path = Base.lproj/Main.storyboard; sourceTree = "<group>"; };
		1C6528E3296AC2250023AAAE /* Assets.xcassets */ = {isa = PBXFileReference; lastKnownFileType = folder.assetcatalog; path = Assets.xcassets; sourceTree = "<group>"; };
		1C6528E6296AC2250023AAAE /* Base */ = {isa = PBXFileReference; lastKnownFileType = file.storyboard; name = Base; path = Base.lproj/LaunchScreen.storyboard; sourceTree = "<group>"; };
		1C6528E8296AC2250023AAAE /* Info.plist */ = {isa = PBXFileReference; lastKnownFileType = text.plist.xml; path = Info.plist; sourceTree = "<group>"; };
		1C6528EE296AC2430023AAAE /* FlowerClassifier.mlmodel */ = {isa = PBXFileReference; lastKnownFileType = file.mlmodel; path = FlowerClassifier.mlmodel; sourceTree = "<group>"; };
		2F708DAA0DA76836F7116732 /* Pods-FlowerDetector.release.xcconfig */ = {isa = PBXFileReference; includeInIndex = 1; lastKnownFileType = text.xcconfig; name = "Pods-FlowerDetector.release.xcconfig"; path = "Target Support Files/Pods-FlowerDetector/Pods-FlowerDetector.release.xcconfig"; sourceTree = "<group>"; };
		92164703FC15A495C3C0C663 /* Pods-FlowerDetector.debug.xcconfig */ = {isa = PBXFileReference; includeInIndex = 1; lastKnownFileType = text.xcconfig; name = "Pods-FlowerDetector.debug.xcconfig"; path = "Target Support Files/Pods-FlowerDetector/Pods-FlowerDetector.debug.xcconfig"; sourceTree = "<group>"; };
		99EA28BF803BE34D8E0CB3B5 /* Pods_FlowerDetector.framework */ = {isa = PBXFileReference; explicitFileType = wrapper.framework; includeInIndex = 0; path = Pods_FlowerDetector.framework; sourceTree = BUILT_PRODUCTS_DIR; };
/* End PBXFileReference section */

/* Begin PBXFrameworksBuildPhase section */
		1C6528D4296AC2240023AAAE /* Frameworks */ = {
			isa = PBXFrameworksBuildPhase;
			buildActionMask = 2147483647;
			files = (
				53D305C4704CF53158CA426D /* Pods_FlowerDetector.framework in Frameworks */,
			);
			runOnlyForDeploymentPostprocessing = 0;
		};
/* End PBXFrameworksBuildPhase section */

/* Begin PBXGroup section */
		1C6528CE296AC2240023AAAE = {
			isa = PBXGroup;
			children = (
				1C6528D9296AC2240023AAAE /* FlowerDetector */,
				1C6528D8296AC2240023AAAE /* Products */,
				DCAFB509B3C2DC33A802E93E /* Pods */,
				9BB64DE4EDD96909D53E3933 /* Frameworks */,
			);
			sourceTree = "<group>";
		};
		1C6528D8296AC2240023AAAE /* Products */ = {
			isa = PBXGroup;
			children = (
				1C6528D7296AC2240023AAAE /* FlowerDetector.app */,
			);
			name = Products;
			sourceTree = "<group>";
		};
		1C6528D9296AC2240023AAAE /* FlowerDetector */ = {
			isa = PBXGroup;
			children = (
				1C6528DA296AC2240023AAAE /* AppDelegate.swift */,
				1C6528DC296AC2240023AAAE /* SceneDelegate.swift */,
				1C6528DE296AC2240023AAAE /* ViewController.swift */,
				1C6528EE296AC2430023AAAE /* FlowerClassifier.mlmodel */,
				1C6528E0296AC2240023AAAE /* Main.storyboard */,
				1C6528E3296AC2250023AAAE /* Assets.xcassets */,
				1C6528E5296AC2250023AAAE /* LaunchScreen.storyboard */,
				1C6528E8296AC2250023AAAE /* Info.plist */,
			);
			path = FlowerDetector;
			sourceTree = "<group>";
		};
		9BB64DE4EDD96909D53E3933 /* Frameworks */ = {
			isa = PBXGroup;
			children = (
				99EA28BF803BE34D8E0CB3B5 /* Pods_FlowerDetector.framework */,
			);
			name = Frameworks;
			sourceTree = "<group>";
		};
		DCAFB509B3C2DC33A802E93E /* Pods */ = {
			isa = PBXGroup;
			children = (
				92164703FC15A495C3C0C663 /* Pods-FlowerDetector.debug.xcconfig */,
				2F708DAA0DA76836F7116732 /* Pods-FlowerDetector.release.xcconfig */,
			);
			name = Pods;
			path = Pods;
			sourceTree = "<group>";
		};
/* End PBXGroup section */

/* Begin PBXNativeTarget section */
		1C6528D6296AC2240023AAAE /* FlowerDetector */ = {
			isa = PBXNativeTarget;
			buildConfigurationList = 1C6528EB296AC2250023AAAE /* Build configuration list for PBXNativeTarget "FlowerDetector" */;
			buildPhases = (
				9DF369CE8F5C9DB69D2D58B3 /* [CP] Check Pods Manifest.lock */,
				1C6528D3296AC2240023AAAE /* Sources */,
				1C6528D4296AC2240023AAAE /* Frameworks */,
				1C6528D5296AC2240023AAAE /* Resources */,
				F11EDEDF975064F985E2A1FD /* [CP] Embed Pods Frameworks */,
			);
			buildRules = (
			);
			dependencies = (
			);
			name = FlowerDetector;
			productName = FlowerDetector;
			productReference = 1C6528D7296AC2240023AAAE /* FlowerDetector.app */;
			productType = "com.apple.product-type.application";
		};
/* End PBXNativeTarget section */

/* Begin PBXProject section */
		1C6528CF296AC2240023AAAE /* Project object */ = {
			isa = PBXProject;
			attributes = {
				BuildIndependentTargetsInParallel = 1;
				LastSwiftUpdateCheck = 1420;
				LastUpgradeCheck = 1420;
				TargetAttributes = {
					1C6528D6296AC2240023AAAE = {
						CreatedOnToolsVersion = 14.2;
					};
				};
			};
			buildConfigurationList = 1C6528D2296AC2240023AAAE /* Build configuration list for PBXProject "FlowerDetector" */;
			compatibilityVersion = "Xcode 14.0";
			developmentRegion = en;
			hasScannedForEncodings = 0;
			knownRegions = (
				en,
				Base,
			);
			mainGroup = 1C6528CE296AC2240023AAAE;
			productRefGroup = 1C6528D8296AC2240023AAAE /* Products */;
			projectDirPath = "";
			projectRoot = "";
			targets = (
				1C6528D6296AC2240023AAAE /* FlowerDetector */,
			);
		};
/* End PBXProject section */

/* Begin PBXResourcesBuildPhase section */
		1C6528D5296AC2240023AAAE /* Resources */ = {
			isa = PBXResourcesBuildPhase;
			buildActionMask = 2147483647;
			files = (
				1C6528E7296AC2250023AAAE /* LaunchScreen.storyboard in Resources */,
				1C6528E4296AC2250023AAAE /* Assets.xcassets in Resources */,
				1C6528E2296AC2240023AAAE /* Main.storyboard in Resources */,
			);
			runOnlyForDeploymentPostprocessing = 0;
		};
/* End PBXResourcesBuildPhase section */

/* Begin PBXShellScriptBuildPhase section */
		9DF369CE8F5C9DB69D2D58B3 /* [CP] Check Pods Manifest.lock */ = {
			isa = PBXShellScriptBuildPhase;
			buildActionMask = 2147483647;
			files = (
			);
			inputFileListPaths = (
			);
			inputPaths = (
				"${PODS_PODFILE_DIR_PATH}/Podfile.lock",
				"${PODS_ROOT}/Manifest.lock",
			);
			name = "[CP] Check Pods Manifest.lock";
			outputFileListPaths = (
			);
			outputPaths = (
				"$(DERIVED_FILE_DIR)/Pods-FlowerDetector-checkManifestLockResult.txt",
			);
			runOnlyForDeploymentPostprocessing = 0;
			shellPath = /bin/sh;
			shellScript = "diff \"${PODS_PODFILE_DIR_PATH}/Podfile.lock\" \"${PODS_ROOT}/Manifest.lock\" > /dev/null\nif [ $? != 0 ] ; then\n    # print error to STDERR\n    echo \"error: The sandbox is not in sync with the Podfile.lock. Run 'pod install' or update your CocoaPods installation.\" >&2\n    exit 1\nfi\n# This output is used by Xcode 'outputs' to avoid re-running this script phase.\necho \"SUCCESS\" > \"${SCRIPT_OUTPUT_FILE_0}\"\n";
			showEnvVarsInLog = 0;
		};
		F11EDEDF975064F985E2A1FD /* [CP] Embed Pods Frameworks */ = {
			isa = PBXShellScriptBuildPhase;
			buildActionMask = 2147483647;
			files = (
			);
			inputFileListPaths = (
				"${PODS_ROOT}/Target Support Files/Pods-FlowerDetector/Pods-FlowerDetector-frameworks-${CONFIGURATION}-input-files.xcfilelist",
			);
			name = "[CP] Embed Pods Frameworks";
			outputFileListPaths = (
				"${PODS_ROOT}/Target Support Files/Pods-FlowerDetector/Pods-FlowerDetector-frameworks-${CONFIGURATION}-output-files.xcfilelist",
			);
			runOnlyForDeploymentPostprocessing = 0;
			shellPath = /bin/sh;
			shellScript = "\"${PODS_ROOT}/Target Support Files/Pods-FlowerDetector/Pods-FlowerDetector-frameworks.sh\"\n";
			showEnvVarsInLog = 0;
		};
/* End PBXShellScriptBuildPhase section */

/* Begin PBXSourcesBuildPhase section */
		1C6528D3296AC2240023AAAE /* Sources */ = {
			isa = PBXSourcesBuildPhase;
			buildActionMask = 2147483647;
			files = (
				1C6528EF296AC2430023AAAE /* FlowerClassifier.mlmodel in Sources */,
				1C6528DF296AC2240023AAAE /* ViewController.swift in Sources */,
				1C6528DB296AC2240023AAAE /* AppDelegate.swift in Sources */,
				1C6528DD296AC2240023AAAE /* SceneDelegate.swift in Sources */,
			);
			runOnlyForDeploymentPostprocessing = 0;
		};
/* End PBXSourcesBuildPhase section */

/* Begin PBXVariantGroup section */
		1C6528E0296AC2240023AAAE /* Main.storyboard */ = {
			isa = PBXVariantGroup;
			children = (
				1C6528E1296AC2240023AAAE /* Base */,
			);
			name = Main.storyboard;
			sourceTree = "<group>";
		};
		1C6528E5296AC2250023AAAE /* LaunchScreen.storyboard */ = {
			isa = PBXVariantGroup;
			children = (
				1C6528E6296AC2250023AAAE /* Base */,
			);
			name = LaunchScreen.storyboard;
			sourceTree = "<group>";
		};
/* End PBXVariantGroup section */

/* Begin XCBuildConfiguration section */
		1C6528E9296AC2250023AAAE /* Debug */ = {
			isa = XCBuildConfiguration;
			buildSettings = {
				ALWAYS_SEARCH_USER_PATHS = NO;
				CLANG_ANALYZER_NONNULL = YES;
				CLANG_ANALYZER_NUMBER_OBJECT_CONVERSION = YES_AGGRESSIVE;
				CLANG_CXX_LANGUAGE_STANDARD = "gnu++20";
				CLANG_ENABLE_MODULES = YES;
				CLANG_ENABLE_OBJC_ARC = YES;
				CLANG_ENABLE_OBJC_WEAK = YES;
				CLANG_WARN_BLOCK_CAPTURE_AUTORELEASING = YES;
				CLANG_WARN_BOOL_CONVERSION = YES;
				CLANG_WARN_COMMA = YES;
				CLANG_WARN_CONSTANT_CONVERSION = YES;
				CLANG_WARN_DEPRECATED_OBJC_IMPLEMENTATIONS = YES;
				CLANG_WARN_DIRECT_OBJC_ISA_USAGE = YES_ERROR;
				CLANG_WARN_DOCUMENTATION_COMMENTS = YES;
				CLANG_WARN_EMPTY_BODY = YES;
				CLANG_WARN_ENUM_CONVERSION = YES;
				CLANG_WARN_INFINITE_RECURSION = YES;
				CLANG_WARN_INT_CONVERSION = YES;
				CLANG_WARN_NON_LITERAL_NULL_CONVERSION = YES;
				CLANG_WARN_OBJC_IMPLICIT_RETAIN_SELF = YES;
				CLANG_WARN_OBJC_LITERAL_CONVERSION = YES;
				CLANG_WARN_OBJC_ROOT_CLASS = YES_ERROR;
				CLANG_WARN_QUOTED_INCLUDE_IN_FRAMEWORK_HEADER = YES;
				CLANG_WARN_RANGE_LOOP_ANALYSIS = YES;
				CLANG_WARN_STRICT_PROTOTYPES = YES;
				CLANG_WARN_SUSPICIOUS_MOVE = YES;
				CLANG_WARN_UNGUARDED_AVAILABILITY = YES_AGGRESSIVE;
				CLANG_WARN_UNREACHABLE_CODE = YES;
				CLANG_WARN__DUPLICATE_METHOD_MATCH = YES;
				COPY_PHASE_STRIP = NO;
				DEBUG_INFORMATION_FORMAT = dwarf;
				ENABLE_STRICT_OBJC_MSGSEND = YES;
				ENABLE_TESTABILITY = YES;
				GCC_C_LANGUAGE_STANDARD = gnu11;
				GCC_DYNAMIC_NO_PIC = NO;
				GCC_NO_COMMON_BLOCKS = YES;
				GCC_OPTIMIZATION_LEVEL = 0;
				GCC_PREPROCESSOR_DEFINITIONS = (
					"DEBUG=1",
					"$(inherited)",
				);
				GCC_WARN_64_TO_32_BIT_CONVERSION = YES;
				GCC_WARN_ABOUT_RETURN_TYPE = YES_ERROR;
				GCC_WARN_UNDECLARED_SELECTOR = YES;
				GCC_WARN_UNINITIALIZED_AUTOS = YES_AGGRESSIVE;
				GCC_WARN_UNUSED_FUNCTION = YES;
				GCC_WARN_UNUSED_VARIABLE = YES;
				IPHONEOS_DEPLOYMENT_TARGET = 16.2;
				MTL_ENABLE_DEBUG_INFO = INCLUDE_SOURCE;
				MTL_FAST_MATH = YES;
				ONLY_ACTIVE_ARCH = YES;
				SDKROOT = iphoneos;
				SWIFT_ACTIVE_COMPILATION_CONDITIONS = DEBUG;
				SWIFT_OPTIMIZATION_LEVEL = "-Onone";
			};
			name = Debug;
		};
		1C6528EA296AC2250023AAAE /* Release */ = {
			isa = XCBuildConfiguration;
			buildSettings = {
				ALWAYS_SEARCH_USER_PATHS = NO;
				CLANG_ANALYZER_NONNULL = YES;
				CLANG_ANALYZER_NUMBER_OBJECT_CONVERSION = YES_AGGRESSIVE;
				CLANG_CXX_LANGUAGE_STANDARD = "gnu++20";
				CLANG_ENABLE_MODULES = YES;
				CLANG_ENABLE_OBJC_ARC = YES;
				CLANG_ENABLE_OBJC_WEAK = YES;
				CLANG_WARN_BLOCK_CAPTURE_AUTORELEASING = YES;
				CLANG_WARN_BOOL_CONVERSION = YES;
				CLANG_WARN_COMMA = YES;
				CLANG_WARN_CONSTANT_CONVERSION = YES;
				CLANG_WARN_DEPRECATED_OBJC_IMPLEMENTATIONS = YES;
				CLANG_WARN_DIRECT_OBJC_ISA_USAGE = YES_ERROR;
				CLANG_WARN_DOCUMENTATION_COMMENTS = YES;
				CLANG_WARN_EMPTY_BODY = YES;
				CLANG_WARN_ENUM_CONVERSION = YES;
				CLANG_WARN_INFINITE_RECURSION = YES;
				CLANG_WARN_INT_CONVERSION = YES;
				CLANG_WARN_NON_LITERAL_NULL_CONVERSION = YES;
				CLANG_WARN_OBJC_IMPLICIT_RETAIN_SELF = YES;
				CLANG_WARN_OBJC_LITERAL_CONVERSION = YES;
				CLANG_WARN_OBJC_ROOT_CLASS = YES_ERROR;
				CLANG_WARN_QUOTED_INCLUDE_IN_FRAMEWORK_HEADER = YES;
				CLANG_WARN_RANGE_LOOP_ANALYSIS = YES;
				CLANG_WARN_STRICT_PROTOTYPES = YES;
				CLANG_WARN_SUSPICIOUS_MOVE = YES;
				CLANG_WARN_UNGUARDED_AVAILABILITY = YES_AGGRESSIVE;
				CLANG_WARN_UNREACHABLE_CODE = YES;
				CLANG_WARN__DUPLICATE_METHOD_MATCH = YES;
				COPY_PHASE_STRIP = NO;
				DEBUG_INFORMATION_FORMAT = "dwarf-with-dsym";
				ENABLE_NS_ASSERTIONS = NO;
				ENABLE_STRICT_OBJC_MSGSEND = YES;
				GCC_C_LANGUAGE_STANDARD = gnu11;
				GCC_NO_COMMON_BLOCKS = YES;
				GCC_WARN_64_TO_32_BIT_CONVERSION = YES;
				GCC_WARN_ABOUT_RETURN_TYPE = YES_ERROR;
				GCC_WARN_UNDECLARED_SELECTOR = YES;
				GCC_WARN_UNINITIALIZED_AUTOS = YES_AGGRESSIVE;
				GCC_WARN_UNUSED_FUNCTION = YES;
				GCC_WARN_UNUSED_VARIABLE = YES;
				IPHONEOS_DEPLOYMENT_TARGET = 16.2;
				MTL_ENABLE_DEBUG_INFO = NO;
				MTL_FAST_MATH = YES;
				SDKROOT = iphoneos;
				SWIFT_COMPILATION_MODE = wholemodule;
				SWIFT_OPTIMIZATION_LEVEL = "-O";
				VALIDATE_PRODUCT = YES;
			};
			name = Release;
		};
		1C6528EC296AC2250023AAAE /* Debug */ = {
			isa = XCBuildConfiguration;
			baseConfigurationReference = 92164703FC15A495C3C0C663 /* Pods-FlowerDetector.debug.xcconfig */;
			buildSettings = {
				ASSETCATALOG_COMPILER_APPICON_NAME = AppIcon;
				ASSETCATALOG_COMPILER_GLOBAL_ACCENT_COLOR_NAME = AccentColor;
				CODE_SIGN_STYLE = Automatic;
				CURRENT_PROJECT_VERSION = 1;
				DEVELOPMENT_TEAM = AGL5347G8K;
				GENERATE_INFOPLIST_FILE = YES;
				INFOPLIST_FILE = FlowerDetector/Info.plist;
				INFOPLIST_KEY_UIApplicationSupportsIndirectInputEvents = YES;
				INFOPLIST_KEY_UILaunchStoryboardName = LaunchScreen;
				INFOPLIST_KEY_UIMainStoryboardFile = Main;
				INFOPLIST_KEY_UISupportedInterfaceOrientations_iPad = "UIInterfaceOrientationPortrait UIInterfaceOrientationPortraitUpsideDown UIInterfaceOrientationLandscapeLeft UIInterfaceOrientationLandscapeRight";
				INFOPLIST_KEY_UISupportedInterfaceOrientations_iPhone = "UIInterfaceOrientationPortrait UIInterfaceOrientationLandscapeLeft UIInterfaceOrientationLandscapeRight";
				IPHONEOS_DEPLOYMENT_TARGET = 15.6;
				LD_RUNPATH_SEARCH_PATHS = (
					"$(inherited)",
					"@executable_path/Frameworks",
				);
				MARKETING_VERSION = 1.0;
				PRODUCT_BUNDLE_IDENTIFIER = com.duskun.FlowerDetector;
				PRODUCT_NAME = "$(TARGET_NAME)";
				SWIFT_EMIT_LOC_STRINGS = YES;
				SWIFT_VERSION = 5.0;
				TARGETED_DEVICE_FAMILY = "1,2";
			};
			name = Debug;
		};
		1C6528ED296AC2250023AAAE /* Release */ = {
			isa = XCBuildConfiguration;
			baseConfigurationReference = 2F708DAA0DA76836F7116732 /* Pods-FlowerDetector.release.xcconfig */;
			buildSettings = {
				ASSETCATALOG_COMPILER_APPICON_NAME = AppIcon;
				ASSETCATALOG_COMPILER_GLOBAL_ACCENT_COLOR_NAME = AccentColor;
				CODE_SIGN_STYLE = Automatic;
				CURRENT_PROJECT_VERSION = 1;
				DEVELOPMENT_TEAM = AGL5347G8K;
				GENERATE_INFOPLIST_FILE = YES;
				INFOPLIST_FILE = FlowerDetector/Info.plist;
				INFOPLIST_KEY_UIApplicationSupportsIndirectInputEvents = YES;
				INFOPLIST_KEY_UILaunchStoryboardName = LaunchScreen;
				INFOPLIST_KEY_UIMainStoryboardFile = Main;
				INFOPLIST_KEY_UISupportedInterfaceOrientations_iPad = "UIInterfaceOrientationPortrait UIInterfaceOrientationPortraitUpsideDown UIInterfaceOrientationLandscapeLeft UIInterfaceOrientationLandscapeRight";
				INFOPLIST_KEY_UISupportedInterfaceOrientations_iPhone = "UIInterfaceOrientationPortrait UIInterfaceOrientationLandscapeLeft UIInterfaceOrientationLandscapeRight";
				IPHONEOS_DEPLOYMENT_TARGET = 15.6;
				LD_RUNPATH_SEARCH_PATHS = (
					"$(inherited)",
					"@executable_path/Frameworks",
				);
				MARKETING_VERSION = 1.0;
				PRODUCT_BUNDLE_IDENTIFIER = com.duskun.FlowerDetector;
				PRODUCT_NAME = "$(TARGET_NAME)";
				SWIFT_EMIT_LOC_STRINGS = YES;
				SWIFT_VERSION = 5.0;
				TARGETED_DEVICE_FAMILY = "1,2";
			};
			name = Release;
		};
/* End XCBuildConfiguration section */

/* Begin XCConfigurationList section */
		1C6528D2296AC2240023AAAE /* Build configuration list for PBXProject "FlowerDetector" */ = {
			isa = XCConfigurationList;
			buildConfigurations = (
				1C6528E9296AC2250023AAAE /* Debug */,
				1C6528EA296AC2250023AAAE /* Release */,
			);
			defaultConfigurationIsVisible = 0;
			defaultConfigurationName = Release;
		};
		1C6528EB296AC2250023AAAE /* Build configuration list for PBXNativeTarget "FlowerDetector" */ = {
			isa = XCConfigurationList;
			buildConfigurations = (
				1C6528EC296AC2250023AAAE /* Debug */,
				1C6528ED296AC2250023AAAE /* Release */,
			);
			defaultConfigurationIsVisible = 0;
			defaultConfigurationName = Release;
		};
/* End XCConfigurationList section */
	};
	rootObject = 1C6528CF296AC2240023AAAE /* Project object */;
}
